schema: '2.0'
stages:
  split:
    cmd: python src/split_data.py
    deps:
    - path: data/raw/Titanic-Dataset.csv
      hash: md5
      md5: 2309cc5f04782ed9bb6016d9f4e381cf
      size: 61194
    - path: src/split_data.py
      hash: md5
      md5: b8d2592720a390d20e6f7849698711d3
      size: 1053
    params:
      params.yaml:
        split.data_path: data/raw/Titanic-Dataset.csv
        split.target_col: Survived
        split.test_size: 0.2
    outs:
    - path: data/processed/test.parquet
      hash: md5
      md5: de4fa3aaf4546731e62bedd2b10195cd
      size: 16205
    - path: data/processed/train.parquet
      hash: md5
      md5: 44abb3281a100340e5108c732345be94
      size: 36304
  train:
    cmd: python src/train.py
    deps:
    - path: data/processed/train.parquet
      hash: md5
      md5: 44abb3281a100340e5108c732345be94
      size: 36304
    - path: src/pipeline.py
      hash: md5
      md5: 01ce6c362089098a6b5f8964a0f1b9a5
      size: 895
    - path: src/train.py
      hash: md5
      md5: 7677408ff53044190f7c43b4fcf75985
      size: 4197
    params:
      params.yaml:
        data.path: data\processed\train.parquet
        data.target: Survived
        model.name: xgboost
        model.params: {}
        search_space.lightgbm.learning_rate:
        - 0.01
        - 0.3
        search_space.lightgbm.max_depth:
        - 2
        - 10
        search_space.lightgbm.n_estimators:
        - 50
        - 300
        search_space.random_forest.criterion:
        - gini
        - entropy
        search_space.random_forest.max_depth:
        - 2
        - 10
        search_space.random_forest.n_estimators:
        - 50
        - 300
        search_space.xgboost.learning_rate:
        - 0.01
        - 0.3
        search_space.xgboost.max_depth:
        - 2
        - 10
        search_space.xgboost.n_estimators:
        - 50
        - 300
        search_space.xgboost.subsample:
        - 0.5
        - 1.0
        training.n_trials: 20
        training.test_size: 0.1
    outs:
    - path: models/model_pipeline.pkl
      hash: md5
      md5: a8b11915a76f3d90911f219bbe2b8927
      size: 629684
  evaluate:
    cmd: python src/evaluation.py
    deps:
    - path: data/processed/test.parquet
      hash: md5
      md5: de4fa3aaf4546731e62bedd2b10195cd
      size: 16205
    - path: models/model_pipeline.pkl
      hash: md5
      md5: a8b11915a76f3d90911f219bbe2b8927
      size: 629684
    - path: src/evaluation.py
      hash: md5
      md5: 02f19fd478068e15d6679b0db373bdea
      size: 2147
    params:
      params.yaml:
        evaluation.model_path: models/model_pipeline.pkl
        evaluation.report_path: reports/evaluation_report.json
        evaluation.target_col: Survived
        evaluation.test_data_path: data\processed\test.parquet
    outs:
    - path: reports/evaluation_report.json
      hash: md5
      md5: 5ae2c40313b631d7f9225f16b25b9221
      size: 234
